// !$*UTF8*$!
{
	archiveVersion = 1;
	classes = {
	};
	objectVersion = 56;
	objects = {

/* Begin PBXBuildFile section */
		DD15A1CD2AF2613900F38C5C /* WelcomeVC.swift in Sources */ = {isa = PBXBuildFile; fileRef = DD15A1CC2AF2613900F38C5C /* WelcomeVC.swift */; };
		DD15A1CF2AF2618000F38C5C /* CButton.swift in Sources */ = {isa = PBXBuildFile; fileRef = DD15A1CE2AF2618000F38C5C /* CButton.swift */; };
		DD15A1D12AF2752900F38C5C /* SignUpVC.swift in Sources */ = {isa = PBXBuildFile; fileRef = DD15A1D02AF2752900F38C5C /* SignUpVC.swift */; };
		DD15A1D32AF27C7000F38C5C /* CTextField.swift in Sources */ = {isa = PBXBuildFile; fileRef = DD15A1D22AF27C7000F38C5C /* CTextField.swift */; };
		DD24FB6A2AF55B6B004FEEDA /* FirebaseAnalytics in Frameworks */ = {isa = PBXBuildFile; productRef = DD24FB692AF55B6B004FEEDA /* FirebaseAnalytics */; };
		DD24FB6C2AF55B6B004FEEDA /* FirebaseAnalyticsOnDeviceConversion in Frameworks */ = {isa = PBXBuildFile; productRef = DD24FB6B2AF55B6B004FEEDA /* FirebaseAnalyticsOnDeviceConversion */; };
		DD24FB6E2AF55B6B004FEEDA /* FirebaseAnalyticsSwift in Frameworks */ = {isa = PBXBuildFile; productRef = DD24FB6D2AF55B6B004FEEDA /* FirebaseAnalyticsSwift */; };
		DD24FB702AF55B6B004FEEDA /* FirebaseAnalyticsWithoutAdIdSupport in Frameworks */ = {isa = PBXBuildFile; productRef = DD24FB6F2AF55B6B004FEEDA /* FirebaseAnalyticsWithoutAdIdSupport */; };
		DD24FB722AF55B6B004FEEDA /* FirebaseAppCheck in Frameworks */ = {isa = PBXBuildFile; productRef = DD24FB712AF55B6B004FEEDA /* FirebaseAppCheck */; };
		DD24FB742AF55B6B004FEEDA /* FirebaseAppDistribution-Beta in Frameworks */ = {isa = PBXBuildFile; productRef = DD24FB732AF55B6B004FEEDA /* FirebaseAppDistribution-Beta */; };
		DD24FB762AF55B6B004FEEDA /* FirebaseAuth in Frameworks */ = {isa = PBXBuildFile; productRef = DD24FB752AF55B6B004FEEDA /* FirebaseAuth */; };
		DD24FB782AF55B6B004FEEDA /* FirebaseAuthCombine-Community in Frameworks */ = {isa = PBXBuildFile; productRef = DD24FB772AF55B6B004FEEDA /* FirebaseAuthCombine-Community */; };
		DD24FB7A2AF55B6B004FEEDA /* FirebaseCrashlytics in Frameworks */ = {isa = PBXBuildFile; productRef = DD24FB792AF55B6B004FEEDA /* FirebaseCrashlytics */; };
		DD24FB7C2AF55B6B004FEEDA /* FirebaseDatabase in Frameworks */ = {isa = PBXBuildFile; productRef = DD24FB7B2AF55B6B004FEEDA /* FirebaseDatabase */; };
		DD24FB7E2AF55B6B004FEEDA /* FirebaseDatabaseSwift in Frameworks */ = {isa = PBXBuildFile; productRef = DD24FB7D2AF55B6B004FEEDA /* FirebaseDatabaseSwift */; };
		DD24FB802AF55B6B004FEEDA /* FirebaseDynamicLinks in Frameworks */ = {isa = PBXBuildFile; productRef = DD24FB7F2AF55B6B004FEEDA /* FirebaseDynamicLinks */; };
		DD24FB822AF55B6B004FEEDA /* FirebaseFunctions in Frameworks */ = {isa = PBXBuildFile; productRef = DD24FB812AF55B6B004FEEDA /* FirebaseFunctions */; };
		DD24FB842AF55B6B004FEEDA /* FirebaseFunctionsCombine-Community in Frameworks */ = {isa = PBXBuildFile; productRef = DD24FB832AF55B6B004FEEDA /* FirebaseFunctionsCombine-Community */; };
		DD24FB862AF55B6B004FEEDA /* FirebaseInAppMessaging-Beta in Frameworks */ = {isa = PBXBuildFile; productRef = DD24FB852AF55B6B004FEEDA /* FirebaseInAppMessaging-Beta */; };
		DD24FB882AF55B6B004FEEDA /* FirebaseInAppMessagingSwift-Beta in Frameworks */ = {isa = PBXBuildFile; productRef = DD24FB872AF55B6B004FEEDA /* FirebaseInAppMessagingSwift-Beta */; };
		DD24FB8A2AF55B6B004FEEDA /* FirebaseInstallations in Frameworks */ = {isa = PBXBuildFile; productRef = DD24FB892AF55B6B004FEEDA /* FirebaseInstallations */; };
		DD24FB8C2AF55B6B004FEEDA /* FirebaseMLModelDownloader in Frameworks */ = {isa = PBXBuildFile; productRef = DD24FB8B2AF55B6B004FEEDA /* FirebaseMLModelDownloader */; };
		DD24FB8E2AF55B6B004FEEDA /* FirebaseMessaging in Frameworks */ = {isa = PBXBuildFile; productRef = DD24FB8D2AF55B6B004FEEDA /* FirebaseMessaging */; };
		DD24FB902AF55B6B004FEEDA /* FirebasePerformance in Frameworks */ = {isa = PBXBuildFile; productRef = DD24FB8F2AF55B6B004FEEDA /* FirebasePerformance */; };
		DD24FB922AF55B6B004FEEDA /* FirebaseRemoteConfig in Frameworks */ = {isa = PBXBuildFile; productRef = DD24FB912AF55B6B004FEEDA /* FirebaseRemoteConfig */; };
		DD24FB942AF55B6B004FEEDA /* FirebaseRemoteConfigSwift in Frameworks */ = {isa = PBXBuildFile; productRef = DD24FB932AF55B6B004FEEDA /* FirebaseRemoteConfigSwift */; };
		DD24FB962AF55B6B004FEEDA /* FirebaseStorage in Frameworks */ = {isa = PBXBuildFile; productRef = DD24FB952AF55B6B004FEEDA /* FirebaseStorage */; };
		DD24FB982AF55B6B004FEEDA /* FirebaseStorageCombine-Community in Frameworks */ = {isa = PBXBuildFile; productRef = DD24FB972AF55B6B004FEEDA /* FirebaseStorageCombine-Community */; };
		DD24FB9B2AF561B6004FEEDA /* IQKeyboardManagerSwift in Frameworks */ = {isa = PBXBuildFile; productRef = DD24FB9A2AF561B6004FEEDA /* IQKeyboardManagerSwift */; };
		DD539E892AF2C15900C1D975 /* LogInVC.swift in Sources */ = {isa = PBXBuildFile; fileRef = DD539E882AF2C15900C1D975 /* LogInVC.swift */; };
		DD59E7702AF49E3B00AF22B5 /* ConversationHistoryModel.xcdatamodeld in Sources */ = {isa = PBXBuildFile; fileRef = DD59E76E2AF49E3B00AF22B5 /* ConversationHistoryModel.xcdatamodeld */; };
		DD88DA0A2AF3B17B00D49DDF /* WolframAPI.swift in Sources */ = {isa = PBXBuildFile; fileRef = DD88DA092AF3B17B00D49DDF /* WolframAPI.swift */; };
		DD88DA0C2AF3C7D400D49DDF /* BlueBubble.swift in Sources */ = {isa = PBXBuildFile; fileRef = DD88DA0B2AF3C7D400D49DDF /* BlueBubble.swift */; };
		DDA285AD2AF51F910021E584 /* DataPersistance.swift in Sources */ = {isa = PBXBuildFile; fileRef = DDA285AC2AF51F910021E584 /* DataPersistance.swift */; };
		DDA285E62AF529AB0021E584 /* GoogleService-Info.plist in Resources */ = {isa = PBXBuildFile; fileRef = DDA285E52AF529AB0021E584 /* GoogleService-Info.plist */; };
		DDDED2662AF387680069BBC7 /* HomeVC.swift in Sources */ = {isa = PBXBuildFile; fileRef = DDDED2652AF387680069BBC7 /* HomeVC.swift */; };
		DDDED2682AF38C640069BBC7 /* GreenBubble.swift in Sources */ = {isa = PBXBuildFile; fileRef = DDDED2672AF38C640069BBC7 /* GreenBubble.swift */; };
		DDE393E22AF256E9005C201F /* AppDelegate.swift in Sources */ = {isa = PBXBuildFile; fileRef = DDE393E12AF256E9005C201F /* AppDelegate.swift */; };
		DDE393E42AF256E9005C201F /* SceneDelegate.swift in Sources */ = {isa = PBXBuildFile; fileRef = DDE393E32AF256E9005C201F /* SceneDelegate.swift */; };
		DDE393EB2AF256EA005C201F /* Assets.xcassets in Resources */ = {isa = PBXBuildFile; fileRef = DDE393EA2AF256EA005C201F /* Assets.xcassets */; };
		DDE393EE2AF256EA005C201F /* LaunchScreen.storyboard in Resources */ = {isa = PBXBuildFile; fileRef = DDE393EC2AF256EA005C201F /* LaunchScreen.storyboard */; };
/* End PBXBuildFile section */

/* Begin PBXFileReference section */
		DD15A1CC2AF2613900F38C5C /* WelcomeVC.swift */ = {isa = PBXFileReference; lastKnownFileType = sourcecode.swift; path = WelcomeVC.swift; sourceTree = "<group>"; };
		DD15A1CE2AF2618000F38C5C /* CButton.swift */ = {isa = PBXFileReference; lastKnownFileType = sourcecode.swift; path = CButton.swift; sourceTree = "<group>"; };
		DD15A1D02AF2752900F38C5C /* SignUpVC.swift */ = {isa = PBXFileReference; lastKnownFileType = sourcecode.swift; path = SignUpVC.swift; sourceTree = "<group>"; };
		DD15A1D22AF27C7000F38C5C /* CTextField.swift */ = {isa = PBXFileReference; lastKnownFileType = sourcecode.swift; path = CTextField.swift; sourceTree = "<group>"; };
		DD539E882AF2C15900C1D975 /* LogInVC.swift */ = {isa = PBXFileReference; lastKnownFileType = sourcecode.swift; path = LogInVC.swift; sourceTree = "<group>"; };
		DD59E76F2AF49E3B00AF22B5 /* ConversationHistoryModel.xcdatamodel */ = {isa = PBXFileReference; lastKnownFileType = wrapper.xcdatamodel; path = ConversationHistoryModel.xcdatamodel; sourceTree = "<group>"; };
		DD88DA092AF3B17B00D49DDF /* WolframAPI.swift */ = {isa = PBXFileReference; lastKnownFileType = sourcecode.swift; path = WolframAPI.swift; sourceTree = "<group>"; };
		DD88DA0B2AF3C7D400D49DDF /* BlueBubble.swift */ = {isa = PBXFileReference; lastKnownFileType = sourcecode.swift; path = BlueBubble.swift; sourceTree = "<group>"; };
		DDA285AC2AF51F910021E584 /* DataPersistance.swift */ = {isa = PBXFileReference; lastKnownFileType = sourcecode.swift; path = DataPersistance.swift; sourceTree = "<group>"; };
		DDA285E52AF529AB0021E584 /* GoogleService-Info.plist */ = {isa = PBXFileReference; fileEncoding = 4; lastKnownFileType = text.plist.xml; path = "GoogleService-Info.plist"; sourceTree = "<group>"; };
		DDDED2652AF387680069BBC7 /* HomeVC.swift */ = {isa = PBXFileReference; lastKnownFileType = sourcecode.swift; path = HomeVC.swift; sourceTree = "<group>"; };
		DDDED2672AF38C640069BBC7 /* GreenBubble.swift */ = {isa = PBXFileReference; lastKnownFileType = sourcecode.swift; path = GreenBubble.swift; sourceTree = "<group>"; };
		DDE393DE2AF256E9005C201F /* iFace.app */ = {isa = PBXFileReference; explicitFileType = wrapper.application; includeInIndex = 0; path = iFace.app; sourceTree = BUILT_PRODUCTS_DIR; };
		DDE393E12AF256E9005C201F /* AppDelegate.swift */ = {isa = PBXFileReference; lastKnownFileType = sourcecode.swift; path = AppDelegate.swift; sourceTree = "<group>"; };
		DDE393E32AF256E9005C201F /* SceneDelegate.swift */ = {isa = PBXFileReference; lastKnownFileType = sourcecode.swift; path = SceneDelegate.swift; sourceTree = "<group>"; };
		DDE393EA2AF256EA005C201F /* Assets.xcassets */ = {isa = PBXFileReference; lastKnownFileType = folder.assetcatalog; path = Assets.xcassets; sourceTree = "<group>"; };
		DDE393ED2AF256EA005C201F /* Base */ = {isa = PBXFileReference; lastKnownFileType = file.storyboard; name = Base; path = Base.lproj/LaunchScreen.storyboard; sourceTree = "<group>"; };
		DDE393EF2AF256EA005C201F /* Info.plist */ = {isa = PBXFileReference; lastKnownFileType = text.plist.xml; path = Info.plist; sourceTree = "<group>"; };
/* End PBXFileReference section */

/* Begin PBXFrameworksBuildPhase section */
		DDE393DB2AF256E9005C201F /* Frameworks */ = {
			isa = PBXFrameworksBuildPhase;
			buildActionMask = 2147483647;
			files = (
				DD24FB7C2AF55B6B004FEEDA /* FirebaseDatabase in Frameworks */,
				DD24FB6E2AF55B6B004FEEDA /* FirebaseAnalyticsSwift in Frameworks */,
				DD24FB902AF55B6B004FEEDA /* FirebasePerformance in Frameworks */,
				DD24FB922AF55B6B004FEEDA /* FirebaseRemoteConfig in Frameworks */,
				DD24FB6A2AF55B6B004FEEDA /* FirebaseAnalytics in Frameworks */,
				DD24FB942AF55B6B004FEEDA /* FirebaseRemoteConfigSwift in Frameworks */,
				DD24FB6C2AF55B6B004FEEDA /* FirebaseAnalyticsOnDeviceConversion in Frameworks */,
				DD24FB722AF55B6B004FEEDA /* FirebaseAppCheck in Frameworks */,
				DD24FB702AF55B6B004FEEDA /* FirebaseAnalyticsWithoutAdIdSupport in Frameworks */,
				DD24FB762AF55B6B004FEEDA /* FirebaseAuth in Frameworks */,
				DD24FB9B2AF561B6004FEEDA /* IQKeyboardManagerSwift in Frameworks */,
				DD24FB982AF55B6B004FEEDA /* FirebaseStorageCombine-Community in Frameworks */,
				DD24FB842AF55B6B004FEEDA /* FirebaseFunctionsCombine-Community in Frameworks */,
				DD24FB962AF55B6B004FEEDA /* FirebaseStorage in Frameworks */,
				DD24FB8E2AF55B6B004FEEDA /* FirebaseMessaging in Frameworks */,
				DD24FB8A2AF55B6B004FEEDA /* FirebaseInstallations in Frameworks */,
				DD24FB7A2AF55B6B004FEEDA /* FirebaseCrashlytics in Frameworks */,
				DD24FB7E2AF55B6B004FEEDA /* FirebaseDatabaseSwift in Frameworks */,
				DD24FB882AF55B6B004FEEDA /* FirebaseInAppMessagingSwift-Beta in Frameworks */,
				DD24FB822AF55B6B004FEEDA /* FirebaseFunctions in Frameworks */,
				DD24FB742AF55B6B004FEEDA /* FirebaseAppDistribution-Beta in Frameworks */,
				DD24FB782AF55B6B004FEEDA /* FirebaseAuthCombine-Community in Frameworks */,
				DD24FB8C2AF55B6B004FEEDA /* FirebaseMLModelDownloader in Frameworks */,
				DD24FB802AF55B6B004FEEDA /* FirebaseDynamicLinks in Frameworks */,
				DD24FB862AF55B6B004FEEDA /* FirebaseInAppMessaging-Beta in Frameworks */,
			);
			runOnlyForDeploymentPostprocessing = 0;
		};
/* End PBXFrameworksBuildPhase section */

/* Begin PBXGroup section */
		DDA475322AF820490051B40C /* Welcome */ = {
			isa = PBXGroup;
			children = (
				DD15A1CC2AF2613900F38C5C /* WelcomeVC.swift */,
			);
			path = Welcome;
			sourceTree = "<group>";
		};
		DDA475332AF820550051B40C /* SignUp */ = {
			isa = PBXGroup;
			children = (
				DD15A1D02AF2752900F38C5C /* SignUpVC.swift */,
			);
			path = SignUp;
			sourceTree = "<group>";
		};
		DDA475342AF820680051B40C /* LogIn */ = {
			isa = PBXGroup;
			children = (
				DD539E882AF2C15900C1D975 /* LogInVC.swift */,
			);
			path = LogIn;
			sourceTree = "<group>";
		};
		DDA475352AF820700051B40C /* Home */ = {
			isa = PBXGroup;
			children = (
				DDDED2652AF387680069BBC7 /* HomeVC.swift */,
			);
			path = Home;
			sourceTree = "<group>";
		};
		DDA475362AF820B40051B40C /* CustomUIElements */ = {
			isa = PBXGroup;
			children = (
				DD88DA0B2AF3C7D400D49DDF /* BlueBubble.swift */,
				DDDED2672AF38C640069BBC7 /* GreenBubble.swift */,
				DD15A1D22AF27C7000F38C5C /* CTextField.swift */,
				DD15A1CE2AF2618000F38C5C /* CButton.swift */,
			);
			path = CustomUIElements;
			sourceTree = "<group>";
		};
		DDA475372AF820EF0051B40C /* Model */ = {
			isa = PBXGroup;
			children = (
				DD88DA092AF3B17B00D49DDF /* WolframAPI.swift */,
				DDA285AC2AF51F910021E584 /* DataPersistance.swift */,
				DD59E76E2AF49E3B00AF22B5 /* ConversationHistoryModel.xcdatamodeld */,
			);
			path = Model;
			sourceTree = "<group>";
		};
		DDE393D52AF256E9005C201F = {
			isa = PBXGroup;
			children = (
				DDE393E02AF256E9005C201F /* iFace */,
				DDE393DF2AF256E9005C201F /* Products */,
			);
			sourceTree = "<group>";
		};
		DDE393DF2AF256E9005C201F /* Products */ = {
			isa = PBXGroup;
			children = (
				DDE393DE2AF256E9005C201F /* iFace.app */,
			);
			name = Products;
			sourceTree = "<group>";
		};
		DDE393E02AF256E9005C201F /* iFace */ = {
			isa = PBXGroup;
			children = (
				DDE393E12AF256E9005C201F /* AppDelegate.swift */,
				DDE393E32AF256E9005C201F /* SceneDelegate.swift */,
				DDA475372AF820EF0051B40C /* Model */,
				DDA475362AF820B40051B40C /* CustomUIElements */,
				DDA475322AF820490051B40C /* Welcome */,
				DDA475332AF820550051B40C /* SignUp */,
				DDA475342AF820680051B40C /* LogIn */,
				DDA475352AF820700051B40C /* Home */,
				DDE393EA2AF256EA005C201F /* Assets.xcassets */,
				DDE393EC2AF256EA005C201F /* LaunchScreen.storyboard */,
				DDE393EF2AF256EA005C201F /* Info.plist */,
				DDA285E52AF529AB0021E584 /* GoogleService-Info.plist */,
			);
			path = iFace;
			sourceTree = "<group>";
		};
/* End PBXGroup section */

/* Begin PBXNativeTarget section */
		DDE393DD2AF256E9005C201F /* iFace */ = {
			isa = PBXNativeTarget;
			buildConfigurationList = DDE393F22AF256EA005C201F /* Build configuration list for PBXNativeTarget "iFace" */;
			buildPhases = (
				DDE393DA2AF256E9005C201F /* Sources */,
				DDE393DB2AF256E9005C201F /* Frameworks */,
				DDE393DC2AF256E9005C201F /* Resources */,
			);
			buildRules = (
			);
			dependencies = (
			);
			name = iFace;
			packageProductDependencies = (
				DD24FB692AF55B6B004FEEDA /* FirebaseAnalytics */,
				DD24FB6B2AF55B6B004FEEDA /* FirebaseAnalyticsOnDeviceConversion */,
				DD24FB6D2AF55B6B004FEEDA /* FirebaseAnalyticsSwift */,
				DD24FB6F2AF55B6B004FEEDA /* FirebaseAnalyticsWithoutAdIdSupport */,
				DD24FB712AF55B6B004FEEDA /* FirebaseAppCheck */,
				DD24FB732AF55B6B004FEEDA /* FirebaseAppDistribution-Beta */,
				DD24FB752AF55B6B004FEEDA /* FirebaseAuth */,
				DD24FB772AF55B6B004FEEDA /* FirebaseAuthCombine-Community */,
				DD24FB792AF55B6B004FEEDA /* FirebaseCrashlytics */,
				DD24FB7B2AF55B6B004FEEDA /* FirebaseDatabase */,
				DD24FB7D2AF55B6B004FEEDA /* FirebaseDatabaseSwift */,
				DD24FB7F2AF55B6B004FEEDA /* FirebaseDynamicLinks */,
				DD24FB812AF55B6B004FEEDA /* FirebaseFunctions */,
				DD24FB832AF55B6B004FEEDA /* FirebaseFunctionsCombine-Community */,
				DD24FB852AF55B6B004FEEDA /* FirebaseInAppMessaging-Beta */,
				DD24FB872AF55B6B004FEEDA /* FirebaseInAppMessagingSwift-Beta */,
				DD24FB892AF55B6B004FEEDA /* FirebaseInstallations */,
				DD24FB8B2AF55B6B004FEEDA /* FirebaseMLModelDownloader */,
				DD24FB8D2AF55B6B004FEEDA /* FirebaseMessaging */,
				DD24FB8F2AF55B6B004FEEDA /* FirebasePerformance */,
				DD24FB912AF55B6B004FEEDA /* FirebaseRemoteConfig */,
				DD24FB932AF55B6B004FEEDA /* FirebaseRemoteConfigSwift */,
				DD24FB952AF55B6B004FEEDA /* FirebaseStorage */,
				DD24FB972AF55B6B004FEEDA /* FirebaseStorageCombine-Community */,
				DD24FB9A2AF561B6004FEEDA /* IQKeyboardManagerSwift */,
			);
			productName = iFace;
			productReference = DDE393DE2AF256E9005C201F /* iFace.app */;
			productType = "com.apple.product-type.application";
		};
/* End PBXNativeTarget section */

/* Begin PBXProject section */
		DDE393D62AF256E9005C201F /* Project object */ = {
			isa = PBXProject;
			attributes = {
				BuildIndependentTargetsInParallel = 1;
				LastSwiftUpdateCheck = 1500;
				LastUpgradeCheck = 1500;
				TargetAttributes = {
					DDE393DD2AF256E9005C201F = {
						CreatedOnToolsVersion = 15.0.1;
					};
				};
			};
			buildConfigurationList = DDE393D92AF256E9005C201F /* Build configuration list for PBXProject "iFace" */;
			compatibilityVersion = "Xcode 14.0";
			developmentRegion = en;
			hasScannedForEncodings = 0;
			knownRegions = (
				en,
				Base,
			);
			mainGroup = DDE393D52AF256E9005C201F;
			packageReferences = (
				DD24FB682AF55B6B004FEEDA /* XCRemoteSwiftPackageReference "firebase-ios-sdk" */,
				DD24FB992AF561B6004FEEDA /* XCRemoteSwiftPackageReference "IQKeyboardManager" */,
			);
			productRefGroup = DDE393DF2AF256E9005C201F /* Products */;
			projectDirPath = "";
			projectRoot = "";
			targets = (
				DDE393DD2AF256E9005C201F /* iFace */,
			);
		};
/* End PBXProject section */

/* Begin PBXResourcesBuildPhase section */
		DDE393DC2AF256E9005C201F /* Resources */ = {
			isa = PBXResourcesBuildPhase;
			buildActionMask = 2147483647;
			files = (
				DDE393EE2AF256EA005C201F /* LaunchScreen.storyboard in Resources */,
				DDE393EB2AF256EA005C201F /* Assets.xcassets in Resources */,
				DDA285E62AF529AB0021E584 /* GoogleService-Info.plist in Resources */,
			);
			runOnlyForDeploymentPostprocessing = 0;
		};
/* End PBXResourcesBuildPhase section */

/* Begin PBXSourcesBuildPhase section */
		DDE393DA2AF256E9005C201F /* Sources */ = {
			isa = PBXSourcesBuildPhase;
			buildActionMask = 2147483647;
			files = (
				DD88DA0C2AF3C7D400D49DDF /* BlueBubble.swift in Sources */,
				DD15A1CD2AF2613900F38C5C /* WelcomeVC.swift in Sources */,
				DDA285AD2AF51F910021E584 /* DataPersistance.swift in Sources */,
				DD88DA0A2AF3B17B00D49DDF /* WolframAPI.swift in Sources */,
				DD59E7702AF49E3B00AF22B5 /* ConversationHistoryModel.xcdatamodeld in Sources */,
				DDDED2682AF38C640069BBC7 /* GreenBubble.swift in Sources */,
				DDDED2662AF387680069BBC7 /* HomeVC.swift in Sources */,
				DDE393E22AF256E9005C201F /* AppDelegate.swift in Sources */,
				DDE393E42AF256E9005C201F /* SceneDelegate.swift in Sources */,
				DD539E892AF2C15900C1D975 /* LogInVC.swift in Sources */,
				DD15A1D12AF2752900F38C5C /* SignUpVC.swift in Sources */,
				DD15A1CF2AF2618000F38C5C /* CButton.swift in Sources */,
				DD15A1D32AF27C7000F38C5C /* CTextField.swift in Sources */,
			);
			runOnlyForDeploymentPostprocessing = 0;
		};
/* End PBXSourcesBuildPhase section */

/* Begin PBXVariantGroup section */
		DDE393EC2AF256EA005C201F /* LaunchScreen.storyboard */ = {
			isa = PBXVariantGroup;
			children = (
				DDE393ED2AF256EA005C201F /* Base */,
			);
			name = LaunchScreen.storyboard;
			sourceTree = "<group>";
		};
/* End PBXVariantGroup section */

/* Begin XCBuildConfiguration section */
		DDE393F02AF256EA005C201F /* Debug */ = {
			isa = XCBuildConfiguration;
			buildSettings = {
				ALWAYS_SEARCH_USER_PATHS = NO;
				ASSETCATALOG_COMPILER_GENERATE_SWIFT_ASSET_SYMBOL_EXTENSIONS = YES;
				CLANG_ANALYZER_NONNULL = YES;
				CLANG_ANALYZER_NUMBER_OBJECT_CONVERSION = YES_AGGRESSIVE;
				CLANG_CXX_LANGUAGE_STANDARD = "gnu++20";
				CLANG_ENABLE_MODULES = YES;
				CLANG_ENABLE_OBJC_ARC = YES;
				CLANG_ENABLE_OBJC_WEAK = YES;
				CLANG_WARN_BLOCK_CAPTURE_AUTORELEASING = YES;
				CLANG_WARN_BOOL_CONVERSION = YES;
				CLANG_WARN_COMMA = YES;
				CLANG_WARN_CONSTANT_CONVERSION = YES;
				CLANG_WARN_DEPRECATED_OBJC_IMPLEMENTATIONS = YES;
				CLANG_WARN_DIRECT_OBJC_ISA_USAGE = YES_ERROR;
				CLANG_WARN_DOCUMENTATION_COMMENTS = YES;
				CLANG_WARN_EMPTY_BODY = YES;
				CLANG_WARN_ENUM_CONVERSION = YES;
				CLANG_WARN_INFINITE_RECURSION = YES;
				CLANG_WARN_INT_CONVERSION = YES;
				CLANG_WARN_NON_LITERAL_NULL_CONVERSION = YES;
				CLANG_WARN_OBJC_IMPLICIT_RETAIN_SELF = YES;
				CLANG_WARN_OBJC_LITERAL_CONVERSION = YES;
				CLANG_WARN_OBJC_ROOT_CLASS = YES_ERROR;
				CLANG_WARN_QUOTED_INCLUDE_IN_FRAMEWORK_HEADER = YES;
				CLANG_WARN_RANGE_LOOP_ANALYSIS = YES;
				CLANG_WARN_STRICT_PROTOTYPES = YES;
				CLANG_WARN_SUSPICIOUS_MOVE = YES;
				CLANG_WARN_UNGUARDED_AVAILABILITY = YES_AGGRESSIVE;
				CLANG_WARN_UNREACHABLE_CODE = YES;
				CLANG_WARN__DUPLICATE_METHOD_MATCH = YES;
				COPY_PHASE_STRIP = NO;
				DEBUG_INFORMATION_FORMAT = dwarf;
				ENABLE_STRICT_OBJC_MSGSEND = YES;
				ENABLE_TESTABILITY = YES;
				ENABLE_USER_SCRIPT_SANDBOXING = YES;
				GCC_C_LANGUAGE_STANDARD = gnu17;
				GCC_DYNAMIC_NO_PIC = NO;
				GCC_NO_COMMON_BLOCKS = YES;
				GCC_OPTIMIZATION_LEVEL = 0;
				GCC_PREPROCESSOR_DEFINITIONS = (
					"DEBUG=1",
					"$(inherited)",
				);
				GCC_WARN_64_TO_32_BIT_CONVERSION = YES;
				GCC_WARN_ABOUT_RETURN_TYPE = YES_ERROR;
				GCC_WARN_UNDECLARED_SELECTOR = YES;
				GCC_WARN_UNINITIALIZED_AUTOS = YES_AGGRESSIVE;
				GCC_WARN_UNUSED_FUNCTION = YES;
				GCC_WARN_UNUSED_VARIABLE = YES;
				IPHONEOS_DEPLOYMENT_TARGET = 17.0;
				LOCALIZATION_PREFERS_STRING_CATALOGS = YES;
				MTL_ENABLE_DEBUG_INFO = INCLUDE_SOURCE;
				MTL_FAST_MATH = YES;
				ONLY_ACTIVE_ARCH = YES;
				SDKROOT = iphoneos;
				SWIFT_ACTIVE_COMPILATION_CONDITIONS = "DEBUG $(inherited)";
				SWIFT_OPTIMIZATION_LEVEL = "-Onone";
			};
			name = Debug;
		};
		DDE393F12AF256EA005C201F /* Release */ = {
			isa = XCBuildConfiguration;
			buildSettings = {
				ALWAYS_SEARCH_USER_PATHS = NO;
				ASSETCATALOG_COMPILER_GENERATE_SWIFT_ASSET_SYMBOL_EXTENSIONS = YES;
				CLANG_ANALYZER_NONNULL = YES;
				CLANG_ANALYZER_NUMBER_OBJECT_CONVERSION = YES_AGGRESSIVE;
				CLANG_CXX_LANGUAGE_STANDARD = "gnu++20";
				CLANG_ENABLE_MODULES = YES;
				CLANG_ENABLE_OBJC_ARC = YES;
				CLANG_ENABLE_OBJC_WEAK = YES;
				CLANG_WARN_BLOCK_CAPTURE_AUTORELEASING = YES;
				CLANG_WARN_BOOL_CONVERSION = YES;
				CLANG_WARN_COMMA = YES;
				CLANG_WARN_CONSTANT_CONVERSION = YES;
				CLANG_WARN_DEPRECATED_OBJC_IMPLEMENTATIONS = YES;
				CLANG_WARN_DIRECT_OBJC_ISA_USAGE = YES_ERROR;
				CLANG_WARN_DOCUMENTATION_COMMENTS = YES;
				CLANG_WARN_EMPTY_BODY = YES;
				CLANG_WARN_ENUM_CONVERSION = YES;
				CLANG_WARN_INFINITE_RECURSION = YES;
				CLANG_WARN_INT_CONVERSION = YES;
				CLANG_WARN_NON_LITERAL_NULL_CONVERSION = YES;
				CLANG_WARN_OBJC_IMPLICIT_RETAIN_SELF = YES;
				CLANG_WARN_OBJC_LITERAL_CONVERSION = YES;
				CLANG_WARN_OBJC_ROOT_CLASS = YES_ERROR;
				CLANG_WARN_QUOTED_INCLUDE_IN_FRAMEWORK_HEADER = YES;
				CLANG_WARN_RANGE_LOOP_ANALYSIS = YES;
				CLANG_WARN_STRICT_PROTOTYPES = YES;
				CLANG_WARN_SUSPICIOUS_MOVE = YES;
				CLANG_WARN_UNGUARDED_AVAILABILITY = YES_AGGRESSIVE;
				CLANG_WARN_UNREACHABLE_CODE = YES;
				CLANG_WARN__DUPLICATE_METHOD_MATCH = YES;
				COPY_PHASE_STRIP = NO;
				DEBUG_INFORMATION_FORMAT = "dwarf-with-dsym";
				ENABLE_NS_ASSERTIONS = NO;
				ENABLE_STRICT_OBJC_MSGSEND = YES;
				ENABLE_USER_SCRIPT_SANDBOXING = YES;
				GCC_C_LANGUAGE_STANDARD = gnu17;
				GCC_NO_COMMON_BLOCKS = YES;
				GCC_WARN_64_TO_32_BIT_CONVERSION = YES;
				GCC_WARN_ABOUT_RETURN_TYPE = YES_ERROR;
				GCC_WARN_UNDECLARED_SELECTOR = YES;
				GCC_WARN_UNINITIALIZED_AUTOS = YES_AGGRESSIVE;
				GCC_WARN_UNUSED_FUNCTION = YES;
				GCC_WARN_UNUSED_VARIABLE = YES;
				IPHONEOS_DEPLOYMENT_TARGET = 17.0;
				LOCALIZATION_PREFERS_STRING_CATALOGS = YES;
				MTL_ENABLE_DEBUG_INFO = NO;
				MTL_FAST_MATH = YES;
				SDKROOT = iphoneos;
				SWIFT_COMPILATION_MODE = wholemodule;
				VALIDATE_PRODUCT = YES;
			};
			name = Release;
		};
		DDE393F32AF256EA005C201F /* Debug */ = {
			isa = XCBuildConfiguration;
			buildSettings = {
				ASSETCATALOG_COMPILER_APPICON_NAME = AppIcon;
				ASSETCATALOG_COMPILER_GLOBAL_ACCENT_COLOR_NAME = AccentColor;
				CODE_SIGN_STYLE = Automatic;
				CURRENT_PROJECT_VERSION = 1;
				DEVELOPMENT_TEAM = 4RUKJ5BRNZ;
				GENERATE_INFOPLIST_FILE = YES;
				INFOPLIST_FILE = iFace/Info.plist;
				INFOPLIST_KEY_CFBundleDisplayName = ChatGPT;
				INFOPLIST_KEY_UIApplicationSupportsIndirectInputEvents = YES;
				INFOPLIST_KEY_UILaunchStoryboardName = LaunchScreen;
				INFOPLIST_KEY_UISupportedInterfaceOrientations_iPad = "UIInterfaceOrientationPortrait UIInterfaceOrientationPortraitUpsideDown UIInterfaceOrientationLandscapeLeft UIInterfaceOrientationLandscapeRight";
				INFOPLIST_KEY_UISupportedInterfaceOrientations_iPhone = "UIInterfaceOrientationPortrait UIInterfaceOrientationLandscapeLeft UIInterfaceOrientationLandscapeRight";
				LD_RUNPATH_SEARCH_PATHS = (
					"$(inherited)",
					"@executable_path/Frameworks",
				);
				MARKETING_VERSION = 1.0;
				PRODUCT_BUNDLE_IDENTIFIER = com.DavronAbdukhakimov.iFace;
				PRODUCT_NAME = "$(TARGET_NAME)";
				SWIFT_EMIT_LOC_STRINGS = YES;
				SWIFT_VERSION = 5.0;
				TARGETED_DEVICE_FAMILY = "1,2";
			};
			name = Debug;
		};
		DDE393F42AF256EA005C201F /* Release */ = {
			isa = XCBuildConfiguration;
			buildSettings = {
				ASSETCATALOG_COMPILER_APPICON_NAME = AppIcon;
				ASSETCATALOG_COMPILER_GLOBAL_ACCENT_COLOR_NAME = AccentColor;
				CODE_SIGN_STYLE = Automatic;
				CURRENT_PROJECT_VERSION = 1;
				DEVELOPMENT_TEAM = 4RUKJ5BRNZ;
				GENERATE_INFOPLIST_FILE = YES;
				INFOPLIST_FILE = iFace/Info.plist;
				INFOPLIST_KEY_CFBundleDisplayName = ChatGPT;
				INFOPLIST_KEY_UIApplicationSupportsIndirectInputEvents = YES;
				INFOPLIST_KEY_UILaunchStoryboardName = LaunchScreen;
				INFOPLIST_KEY_UISupportedInterfaceOrientations_iPad = "UIInterfaceOrientationPortrait UIInterfaceOrientationPortraitUpsideDown UIInterfaceOrientationLandscapeLeft UIInterfaceOrientationLandscapeRight";
				INFOPLIST_KEY_UISupportedInterfaceOrientations_iPhone = "UIInterfaceOrientationPortrait UIInterfaceOrientationLandscapeLeft UIInterfaceOrientationLandscapeRight";
				LD_RUNPATH_SEARCH_PATHS = (
					"$(inherited)",
					"@executable_path/Frameworks",
				);
				MARKETING_VERSION = 1.0;
				PRODUCT_BUNDLE_IDENTIFIER = com.DavronAbdukhakimov.iFace;
				PRODUCT_NAME = "$(TARGET_NAME)";
				SWIFT_EMIT_LOC_STRINGS = YES;
				SWIFT_VERSION = 5.0;
				TARGETED_DEVICE_FAMILY = "1,2";
			};
			name = Release;
		};
/* End XCBuildConfiguration section */

/* Begin XCConfigurationList section */
		DDE393D92AF256E9005C201F /* Build configuration list for PBXProject "iFace" */ = {
			isa = XCConfigurationList;
			buildConfigurations = (
				DDE393F02AF256EA005C201F /* Debug */,
				DDE393F12AF256EA005C201F /* Release */,
			);
			defaultConfigurationIsVisible = 0;
			defaultConfigurationName = Release;
		};
		DDE393F22AF256EA005C201F /* Build configuration list for PBXNativeTarget "iFace" */ = {
			isa = XCConfigurationList;
			buildConfigurations = (
				DDE393F32AF256EA005C201F /* Debug */,
				DDE393F42AF256EA005C201F /* Release */,
			);
			defaultConfigurationIsVisible = 0;
			defaultConfigurationName = Release;
		};
/* End XCConfigurationList section */

/* Begin XCRemoteSwiftPackageReference section */
		DD24FB682AF55B6B004FEEDA /* XCRemoteSwiftPackageReference "firebase-ios-sdk" */ = {
			isa = XCRemoteSwiftPackageReference;
			repositoryURL = "https://github.com/firebase/firebase-ios-sdk.git";
			requirement = {
				kind = upToNextMajorVersion;
				minimumVersion = 10.17.0;
			};
		};
		DD24FB992AF561B6004FEEDA /* XCRemoteSwiftPackageReference "IQKeyboardManager" */ = {
			isa = XCRemoteSwiftPackageReference;
			repositoryURL = "https://github.com/hackiftekhar/IQKeyboardManager.git";
			requirement = {
				kind = upToNextMajorVersion;
				minimumVersion = 6.5.16;
			};
		};
/* End XCRemoteSwiftPackageReference section */

/* Begin XCSwiftPackageProductDependency section */
		DD24FB692AF55B6B004FEEDA /* FirebaseAnalytics */ = {
			isa = XCSwiftPackageProductDependency;
			package = DD24FB682AF55B6B004FEEDA /* XCRemoteSwiftPackageReference "firebase-ios-sdk" */;
			productName = FirebaseAnalytics;
		};
		DD24FB6B2AF55B6B004FEEDA /* FirebaseAnalyticsOnDeviceConversion */ = {
			isa = XCSwiftPackageProductDependency;
			package = DD24FB682AF55B6B004FEEDA /* XCRemoteSwiftPackageReference "firebase-ios-sdk" */;
			productName = FirebaseAnalyticsOnDeviceConversion;
		};
		DD24FB6D2AF55B6B004FEEDA /* FirebaseAnalyticsSwift */ = {
			isa = XCSwiftPackageProductDependency;
			package = DD24FB682AF55B6B004FEEDA /* XCRemoteSwiftPackageReference "firebase-ios-sdk" */;
			productName = FirebaseAnalyticsSwift;
		};
		DD24FB6F2AF55B6B004FEEDA /* FirebaseAnalyticsWithoutAdIdSupport */ = {
			isa = XCSwiftPackageProductDependency;
			package = DD24FB682AF55B6B004FEEDA /* XCRemoteSwiftPackageReference "firebase-ios-sdk" */;
			productName = FirebaseAnalyticsWithoutAdIdSupport;
		};
		DD24FB712AF55B6B004FEEDA /* FirebaseAppCheck */ = {
			isa = XCSwiftPackageProductDependency;
			package = DD24FB682AF55B6B004FEEDA /* XCRemoteSwiftPackageReference "firebase-ios-sdk" */;
			productName = FirebaseAppCheck;
		};
		DD24FB732AF55B6B004FEEDA /* FirebaseAppDistribution-Beta */ = {
			isa = XCSwiftPackageProductDependency;
			package = DD24FB682AF55B6B004FEEDA /* XCRemoteSwiftPackageReference "firebase-ios-sdk" */;
			productName = "FirebaseAppDistribution-Beta";
		};
		DD24FB752AF55B6B004FEEDA /* FirebaseAuth */ = {
			isa = XCSwiftPackageProductDependency;
			package = DD24FB682AF55B6B004FEEDA /* XCRemoteSwiftPackageReference "firebase-ios-sdk" */;
			productName = FirebaseAuth;
		};
		DD24FB772AF55B6B004FEEDA /* FirebaseAuthCombine-Community */ = {
			isa = XCSwiftPackageProductDependency;
			package = DD24FB682AF55B6B004FEEDA /* XCRemoteSwiftPackageReference "firebase-ios-sdk" */;
			productName = "FirebaseAuthCombine-Community";
		};
		DD24FB792AF55B6B004FEEDA /* FirebaseCrashlytics */ = {
			isa = XCSwiftPackageProductDependency;
			package = DD24FB682AF55B6B004FEEDA /* XCRemoteSwiftPackageReference "firebase-ios-sdk" */;
			productName = FirebaseCrashlytics;
		};
		DD24FB7B2AF55B6B004FEEDA /* FirebaseDatabase */ = {
			isa = XCSwiftPackageProductDependency;
			package = DD24FB682AF55B6B004FEEDA /* XCRemoteSwiftPackageReference "firebase-ios-sdk" */;
			productName = FirebaseDatabase;
		};
		DD24FB7D2AF55B6B004FEEDA /* FirebaseDatabaseSwift */ = {
			isa = XCSwiftPackageProductDependency;
			package = DD24FB682AF55B6B004FEEDA /* XCRemoteSwiftPackageReference "firebase-ios-sdk" */;
			productName = FirebaseDatabaseSwift;
		};
		DD24FB7F2AF55B6B004FEEDA /* FirebaseDynamicLinks */ = {
			isa = XCSwiftPackageProductDependency;
			package = DD24FB682AF55B6B004FEEDA /* XCRemoteSwiftPackageReference "firebase-ios-sdk" */;
			productName = FirebaseDynamicLinks;
		};
		DD24FB812AF55B6B004FEEDA /* FirebaseFunctions */ = {
			isa = XCSwiftPackageProductDependency;
			package = DD24FB682AF55B6B004FEEDA /* XCRemoteSwiftPackageReference "firebase-ios-sdk" */;
			productName = FirebaseFunctions;
		};
		DD24FB832AF55B6B004FEEDA /* FirebaseFunctionsCombine-Community */ = {
			isa = XCSwiftPackageProductDependency;
			package = DD24FB682AF55B6B004FEEDA /* XCRemoteSwiftPackageReference "firebase-ios-sdk" */;
			productName = "FirebaseFunctionsCombine-Community";
		};
		DD24FB852AF55B6B004FEEDA /* FirebaseInAppMessaging-Beta */ = {
			isa = XCSwiftPackageProductDependency;
			package = DD24FB682AF55B6B004FEEDA /* XCRemoteSwiftPackageReference "firebase-ios-sdk" */;
			productName = "FirebaseInAppMessaging-Beta";
		};
		DD24FB872AF55B6B004FEEDA /* FirebaseInAppMessagingSwift-Beta */ = {
			isa = XCSwiftPackageProductDependency;
			package = DD24FB682AF55B6B004FEEDA /* XCRemoteSwiftPackageReference "firebase-ios-sdk" */;
			productName = "FirebaseInAppMessagingSwift-Beta";
		};
		DD24FB892AF55B6B004FEEDA /* FirebaseInstallations */ = {
			isa = XCSwiftPackageProductDependency;
			package = DD24FB682AF55B6B004FEEDA /* XCRemoteSwiftPackageReference "firebase-ios-sdk" */;
			productName = FirebaseInstallations;
		};
		DD24FB8B2AF55B6B004FEEDA /* FirebaseMLModelDownloader */ = {
			isa = XCSwiftPackageProductDependency;
			package = DD24FB682AF55B6B004FEEDA /* XCRemoteSwiftPackageReference "firebase-ios-sdk" */;
			productName = FirebaseMLModelDownloader;
		};
		DD24FB8D2AF55B6B004FEEDA /* FirebaseMessaging */ = {
			isa = XCSwiftPackageProductDependency;
			package = DD24FB682AF55B6B004FEEDA /* XCRemoteSwiftPackageReference "firebase-ios-sdk" */;
			productName = FirebaseMessaging;
		};
		DD24FB8F2AF55B6B004FEEDA /* FirebasePerformance */ = {
			isa = XCSwiftPackageProductDependency;
			package = DD24FB682AF55B6B004FEEDA /* XCRemoteSwiftPackageReference "firebase-ios-sdk" */;
			productName = FirebasePerformance;
		};
		DD24FB912AF55B6B004FEEDA /* FirebaseRemoteConfig */ = {
			isa = XCSwiftPackageProductDependency;
			package = DD24FB682AF55B6B004FEEDA /* XCRemoteSwiftPackageReference "firebase-ios-sdk" */;
			productName = FirebaseRemoteConfig;
		};
		DD24FB932AF55B6B004FEEDA /* FirebaseRemoteConfigSwift */ = {
			isa = XCSwiftPackageProductDependency;
			package = DD24FB682AF55B6B004FEEDA /* XCRemoteSwiftPackageReference "firebase-ios-sdk" */;
			productName = FirebaseRemoteConfigSwift;
		};
		DD24FB952AF55B6B004FEEDA /* FirebaseStorage */ = {
			isa = XCSwiftPackageProductDependency;
			package = DD24FB682AF55B6B004FEEDA /* XCRemoteSwiftPackageReference "firebase-ios-sdk" */;
			productName = FirebaseStorage;
		};
		DD24FB972AF55B6B004FEEDA /* FirebaseStorageCombine-Community */ = {
			isa = XCSwiftPackageProductDependency;
			package = DD24FB682AF55B6B004FEEDA /* XCRemoteSwiftPackageReference "firebase-ios-sdk" */;
			productName = "FirebaseStorageCombine-Community";
		};
		DD24FB9A2AF561B6004FEEDA /* IQKeyboardManagerSwift */ = {
			isa = XCSwiftPackageProductDependency;
			package = DD24FB992AF561B6004FEEDA /* XCRemoteSwiftPackageReference "IQKeyboardManager" */;
			productName = IQKeyboardManagerSwift;
		};
/* End XCSwiftPackageProductDependency section */

/* Begin XCVersionGroup section */
		DD59E76E2AF49E3B00AF22B5 /* ConversationHistoryModel.xcdatamodeld */ = {
			isa = XCVersionGroup;
			children = (
				DD59E76F2AF49E3B00AF22B5 /* ConversationHistoryModel.xcdatamodel */,
			);
			currentVersion = DD59E76F2AF49E3B00AF22B5 /* ConversationHistoryModel.xcdatamodel */;
			path = ConversationHistoryModel.xcdatamodeld;
			sourceTree = "<group>";
			versionGroupType = wrapper.xcdatamodel;
		};
/* End XCVersionGroup section */
	};
	rootObject = DDE393D62AF256E9005C201F /* Project object */;
}
